
Microsoft Visual Studio Solution File, Format Version 12.00
# Visual Studio Version 16
VisualStudioVersion = 16.6.30114.105
MinimumVisualStudioVersion = 10.0.40219.1
Project("{FAE04EC0-301F-11D3-BF4B-00C04F79EFBC}") = "Penguin.Cms.Workers.Entities.Local", "Penguin.Cms.Workers.Entities.Local.csproj", "{D45C201F-61D1-432E-B8C5-15C350407EA4}"
EndProject
Project("{FAE04EC0-301F-11D3-BF4B-00C04F79EFBC}") = "Penguin.Auditing.Abstractions.Local", "..\Penguin.Auditing.Abstractions\Penguin.Auditing.Abstractions.Local.csproj", "{30212CFE-1245-4925-A87B-0F5C343C8E49}"
EndProject
Project("{FAE04EC0-301F-11D3-BF4B-00C04F79EFBC}") = "Penguin.Cms.Entities.Local", "..\Penguin.Cms.Entities\Penguin.Cms.Entities.Local.csproj", "{72B3EE78-F10E-4B17-A962-9D4A42D304FB}"
EndProject
Project("{FAE04EC0-301F-11D3-BF4B-00C04F79EFBC}") = "Penguin.Persistence.Abstractions.Local", "..\Penguin.Persistence.Abstractions\Penguin.Persistence.Abstractions.Local.csproj", "{BD39539C-B4F6-4545-A764-68E43C9CE19D}"
EndProject
Project("{FAE04EC0-301F-11D3-BF4B-00C04F79EFBC}") = "Penguin.Entities.Abstractions.Local", "..\Penguin.Entities.Abstractions\Penguin.Entities.Abstractions.Local.csproj", "{E7092EA9-4624-4272-B849-FDA80C7E5C75}"
EndProject
Project("{FAE04EC0-301F-11D3-BF4B-00C04F79EFBC}") = "Penguin.Reflection.Extensions.Local", "..\Penguin.Reflection.Extensions\Penguin.Reflection.Extensions.Local.csproj", "{22F6FB3C-6B11-4E8A-8682-06A0D4093F0B}"
EndProject
Project("{FAE04EC0-301F-11D3-BF4B-00C04F79EFBC}") = "Penguin.Reflection.Abstractions.Local", "..\Penguin.Reflection.Abstractions\Penguin.Reflection.Abstractions.Local.csproj", "{B011ED7B-0CB4-4501-BF36-222750D6B50F}"
EndProject
Project("{FAE04EC0-301F-11D3-BF4B-00C04F79EFBC}") = "Penguin.Extensions.String.Local", "..\Penguin.Extensions.String\Penguin.Extensions.String.Local.csproj", "{167939AA-66C5-42DD-9DB4-D6F820442D86}"
EndProject
Global
	GlobalSection(SolutionConfigurationPlatforms) = preSolution
		Debug|Any CPU = Debug|Any CPU
		Debug|x64 = Debug|x64
		Debug|x86 = Debug|x86
		Release|Any CPU = Release|Any CPU
		Release|x64 = Release|x64
		Release|x86 = Release|x86
	EndGlobalSection
	GlobalSection(SolutionProperties) = preSolution
		HideSolutionNode = FALSE
	EndGlobalSection
	GlobalSection(ProjectConfigurationPlatforms) = postSolution
		{D45C201F-61D1-432E-B8C5-15C350407EA4}.Debug|Any CPU.ActiveCfg = Debug|Any CPU
		{D45C201F-61D1-432E-B8C5-15C350407EA4}.Debug|Any CPU.Build.0 = Debug|Any CPU
		{D45C201F-61D1-432E-B8C5-15C350407EA4}.Debug|x64.ActiveCfg = Debug|Any CPU
		{D45C201F-61D1-432E-B8C5-15C350407EA4}.Debug|x64.Build.0 = Debug|Any CPU
		{D45C201F-61D1-432E-B8C5-15C350407EA4}.Debug|x86.ActiveCfg = Debug|Any CPU
		{D45C201F-61D1-432E-B8C5-15C350407EA4}.Debug|x86.Build.0 = Debug|Any CPU
		{D45C201F-61D1-432E-B8C5-15C350407EA4}.Release|Any CPU.ActiveCfg = Release|Any CPU
		{D45C201F-61D1-432E-B8C5-15C350407EA4}.Release|Any CPU.Build.0 = Release|Any CPU
		{D45C201F-61D1-432E-B8C5-15C350407EA4}.Release|x64.ActiveCfg = Release|Any CPU
		{D45C201F-61D1-432E-B8C5-15C350407EA4}.Release|x64.Build.0 = Release|Any CPU
		{D45C201F-61D1-432E-B8C5-15C350407EA4}.Release|x86.ActiveCfg = Release|Any CPU
		{D45C201F-61D1-432E-B8C5-15C350407EA4}.Release|x86.Build.0 = Release|Any CPU
		{30212CFE-1245-4925-A87B-0F5C343C8E49}.Debug|Any CPU.ActiveCfg = Debug|Any CPU
		{30212CFE-1245-4925-A87B-0F5C343C8E49}.Debug|Any CPU.Build.0 = Debug|Any CPU
		{30212CFE-1245-4925-A87B-0F5C343C8E49}.Debug|x64.ActiveCfg = Debug|Any CPU
		{30212CFE-1245-4925-A87B-0F5C343C8E49}.Debug|x64.Build.0 = Debug|Any CPU
		{30212CFE-1245-4925-A87B-0F5C343C8E49}.Debug|x86.ActiveCfg = Debug|Any CPU
		{30212CFE-1245-4925-A87B-0F5C343C8E49}.Debug|x86.Build.0 = Debug|Any CPU
		{30212CFE-1245-4925-A87B-0F5C343C8E49}.Release|Any CPU.ActiveCfg = Release|Any CPU
		{30212CFE-1245-4925-A87B-0F5C343C8E49}.Release|Any CPU.Build.0 = Release|Any CPU
		{30212CFE-1245-4925-A87B-0F5C343C8E49}.Release|x64.ActiveCfg = Release|Any CPU
		{30212CFE-1245-4925-A87B-0F5C343C8E49}.Release|x64.Build.0 = Release|Any CPU
		{30212CFE-1245-4925-A87B-0F5C343C8E49}.Release|x86.ActiveCfg = Release|Any CPU
		{30212CFE-1245-4925-A87B-0F5C343C8E49}.Release|x86.Build.0 = Release|Any CPU
		{72B3EE78-F10E-4B17-A962-9D4A42D304FB}.Debug|Any CPU.ActiveCfg = Debug|Any CPU
		{72B3EE78-F10E-4B17-A962-9D4A42D304FB}.Debug|Any CPU.Build.0 = Debug|Any CPU
		{72B3EE78-F10E-4B17-A962-9D4A42D304FB}.Debug|x64.ActiveCfg = Debug|Any CPU
		{72B3EE78-F10E-4B17-A962-9D4A42D304FB}.Debug|x64.Build.0 = Debug|Any CPU
		{72B3EE78-F10E-4B17-A962-9D4A42D304FB}.Debug|x86.ActiveCfg = Debug|Any CPU
		{72B3EE78-F10E-4B17-A962-9D4A42D304FB}.Debug|x86.Build.0 = Debug|Any CPU
		{72B3EE78-F10E-4B17-A962-9D4A42D304FB}.Release|Any CPU.ActiveCfg = Release|Any CPU
		{72B3EE78-F10E-4B17-A962-9D4A42D304FB}.Release|Any CPU.Build.0 = Release|Any CPU
		{72B3EE78-F10E-4B17-A962-9D4A42D304FB}.Release|x64.ActiveCfg = Release|Any CPU
		{72B3EE78-F10E-4B17-A962-9D4A42D304FB}.Release|x64.Build.0 = Release|Any CPU
		{72B3EE78-F10E-4B17-A962-9D4A42D304FB}.Release|x86.ActiveCfg = Release|Any CPU
		{72B3EE78-F10E-4B17-A962-9D4A42D304FB}.Release|x86.Build.0 = Release|Any CPU
		{BD39539C-B4F6-4545-A764-68E43C9CE19D}.Debug|Any CPU.ActiveCfg = Debug|Any CPU
		{BD39539C-B4F6-4545-A764-68E43C9CE19D}.Debug|Any CPU.Build.0 = Debug|Any CPU
		{BD39539C-B4F6-4545-A764-68E43C9CE19D}.Debug|x64.ActiveCfg = Debug|Any CPU
		{BD39539C-B4F6-4545-A764-68E43C9CE19D}.Debug|x64.Build.0 = Debug|Any CPU
		{BD39539C-B4F6-4545-A764-68E43C9CE19D}.Debug|x86.ActiveCfg = Debug|Any CPU
		{BD39539C-B4F6-4545-A764-68E43C9CE19D}.Debug|x86.Build.0 = Debug|Any CPU
		{BD39539C-B4F6-4545-A764-68E43C9CE19D}.Release|Any CPU.ActiveCfg = Release|Any CPU
		{BD39539C-B4F6-4545-A764-68E43C9CE19D}.Release|Any CPU.Build.0 = Release|Any CPU
		{BD39539C-B4F6-4545-A764-68E43C9CE19D}.Release|x64.ActiveCfg = Release|Any CPU
		{BD39539C-B4F6-4545-A764-68E43C9CE19D}.Release|x64.Build.0 = Release|Any CPU
		{BD39539C-B4F6-4545-A764-68E43C9CE19D}.Release|x86.ActiveCfg = Release|Any CPU
		{BD39539C-B4F6-4545-A764-68E43C9CE19D}.Release|x86.Build.0 = Release|Any CPU
		{E7092EA9-4624-4272-B849-FDA80C7E5C75}.Debug|Any CPU.ActiveCfg = Debug|Any CPU
		{E7092EA9-4624-4272-B849-FDA80C7E5C75}.Debug|Any CPU.Build.0 = Debug|Any CPU
		{E7092EA9-4624-4272-B849-FDA80C7E5C75}.Debug|x64.ActiveCfg = Debug|Any CPU
		{E7092EA9-4624-4272-B849-FDA80C7E5C75}.Debug|x64.Build.0 = Debug|Any CPU
		{E7092EA9-4624-4272-B849-FDA80C7E5C75}.Debug|x86.ActiveCfg = Debug|Any CPU
		{E7092EA9-4624-4272-B849-FDA80C7E5C75}.Debug|x86.Build.0 = Debug|Any CPU
		{E7092EA9-4624-4272-B849-FDA80C7E5C75}.Release|Any CPU.ActiveCfg = Release|Any CPU
		{E7092EA9-4624-4272-B849-FDA80C7E5C75}.Release|Any CPU.Build.0 = Release|Any CPU
		{E7092EA9-4624-4272-B849-FDA80C7E5C75}.Release|x64.ActiveCfg = Release|Any CPU
		{E7092EA9-4624-4272-B849-FDA80C7E5C75}.Release|x64.Build.0 = Release|Any CPU
		{E7092EA9-4624-4272-B849-FDA80C7E5C75}.Release|x86.ActiveCfg = Release|Any CPU
		{E7092EA9-4624-4272-B849-FDA80C7E5C75}.Release|x86.Build.0 = Release|Any CPU
		{22F6FB3C-6B11-4E8A-8682-06A0D4093F0B}.Debug|Any CPU.ActiveCfg = Debug|Any CPU
		{22F6FB3C-6B11-4E8A-8682-06A0D4093F0B}.Debug|Any CPU.Build.0 = Debug|Any CPU
		{22F6FB3C-6B11-4E8A-8682-06A0D4093F0B}.Debug|x64.ActiveCfg = Debug|Any CPU
		{22F6FB3C-6B11-4E8A-8682-06A0D4093F0B}.Debug|x64.Build.0 = Debug|Any CPU
		{22F6FB3C-6B11-4E8A-8682-06A0D4093F0B}.Debug|x86.ActiveCfg = Debug|Any CPU
		{22F6FB3C-6B11-4E8A-8682-06A0D4093F0B}.Debug|x86.Build.0 = Debug|Any CPU
		{22F6FB3C-6B11-4E8A-8682-06A0D4093F0B}.Release|Any CPU.ActiveCfg = Release|Any CPU
		{22F6FB3C-6B11-4E8A-8682-06A0D4093F0B}.Release|Any CPU.Build.0 = Release|Any CPU
		{22F6FB3C-6B11-4E8A-8682-06A0D4093F0B}.Release|x64.ActiveCfg = Release|Any CPU
		{22F6FB3C-6B11-4E8A-8682-06A0D4093F0B}.Release|x64.Build.0 = Release|Any CPU
		{22F6FB3C-6B11-4E8A-8682-06A0D4093F0B}.Release|x86.ActiveCfg = Release|Any CPU
		{22F6FB3C-6B11-4E8A-8682-06A0D4093F0B}.Release|x86.Build.0 = Release|Any CPU
		{B011ED7B-0CB4-4501-BF36-222750D6B50F}.Debug|Any CPU.ActiveCfg = Debug|Any CPU
		{B011ED7B-0CB4-4501-BF36-222750D6B50F}.Debug|Any CPU.Build.0 = Debug|Any CPU
		{B011ED7B-0CB4-4501-BF36-222750D6B50F}.Debug|x64.ActiveCfg = Debug|Any CPU
		{B011ED7B-0CB4-4501-BF36-222750D6B50F}.Debug|x64.Build.0 = Debug|Any CPU
		{B011ED7B-0CB4-4501-BF36-222750D6B50F}.Debug|x86.ActiveCfg = Debug|Any CPU
		{B011ED7B-0CB4-4501-BF36-222750D6B50F}.Debug|x86.Build.0 = Debug|Any CPU
		{B011ED7B-0CB4-4501-BF36-222750D6B50F}.Release|Any CPU.ActiveCfg = Release|Any CPU
		{B011ED7B-0CB4-4501-BF36-222750D6B50F}.Release|Any CPU.Build.0 = Release|Any CPU
		{B011ED7B-0CB4-4501-BF36-222750D6B50F}.Release|x64.ActiveCfg = Release|Any CPU
		{B011ED7B-0CB4-4501-BF36-222750D6B50F}.Release|x64.Build.0 = Release|Any CPU
		{B011ED7B-0CB4-4501-BF36-222750D6B50F}.Release|x86.ActiveCfg = Release|Any CPU
		{B011ED7B-0CB4-4501-BF36-222750D6B50F}.Release|x86.Build.0 = Release|Any CPU
		{167939AA-66C5-42DD-9DB4-D6F820442D86}.Debug|Any CPU.ActiveCfg = Debug|Any CPU
		{167939AA-66C5-42DD-9DB4-D6F820442D86}.Debug|Any CPU.Build.0 = Debug|Any CPU
		{167939AA-66C5-42DD-9DB4-D6F820442D86}.Debug|x64.ActiveCfg = Debug|Any CPU
		{167939AA-66C5-42DD-9DB4-D6F820442D86}.Debug|x64.Build.0 = Debug|Any CPU
		{167939AA-66C5-42DD-9DB4-D6F820442D86}.Debug|x86.ActiveCfg = Debug|Any CPU
		{167939AA-66C5-42DD-9DB4-D6F820442D86}.Debug|x86.Build.0 = Debug|Any CPU
		{167939AA-66C5-42DD-9DB4-D6F820442D86}.Release|Any CPU.ActiveCfg = Release|Any CPU
		{167939AA-66C5-42DD-9DB4-D6F820442D86}.Release|Any CPU.Build.0 = Release|Any CPU
		{167939AA-66C5-42DD-9DB4-D6F820442D86}.Release|x64.ActiveCfg = Release|Any CPU
		{167939AA-66C5-42DD-9DB4-D6F820442D86}.Release|x64.Build.0 = Release|Any CPU
		{167939AA-66C5-42DD-9DB4-D6F820442D86}.Release|x86.ActiveCfg = Release|Any CPU
		{167939AA-66C5-42DD-9DB4-D6F820442D86}.Release|x86.Build.0 = Release|Any CPU
	EndGlobalSection
EndGlobal
